<?xml version="1.0" encoding="utf-8"?>
<Project ToolsVersion="4.0" xmlns="http://schemas.microsoft.com/developer/msbuild/2003">
  <ItemGroup>
    <Filter Include="소스 파일">
      <UniqueIdentifier>{4FC737F1-C7A5-4376-A066-2A32D752A2FF}</UniqueIdentifier>
      <Extensions>cpp;c;cc;cxx;c++;cppm;ixx;def;odl;idl;hpj;bat;asm;asmx</Extensions>
    </Filter>
    <Filter Include="헤더 파일">
      <UniqueIdentifier>{93995380-89BD-4b04-88EB-625FBE52EBFB}</UniqueIdentifier>
      <Extensions>h;hh;hpp;hxx;h++;hm;inl;inc;ipp;xsd</Extensions>
    </Filter>
    <Filter Include="리소스 파일">
      <UniqueIdentifier>{67DA6AB6-F800-4c08-8B7A-83BB121AAD01}</UniqueIdentifier>
      <Extensions>rc;ico;cur;bmp;dlg;rc2;rct;bin;rgs;gif;jpg;jpeg;jpe;resx;tiff;tif;png;wav;mfcribbon-ms</Extensions>
    </Filter>
    <Filter Include="소스 파일\Cube">
      <UniqueIdentifier>{c3720bd7-5ee8-4541-ab97-47f79d3f6859}</UniqueIdentifier>
    </Filter>
    <Filter Include="헤더 파일\Cube">
      <UniqueIdentifier>{d241e441-7f2b-4ab9-bca4-d57e5059d4c8}</UniqueIdentifier>
    </Filter>
    <Filter Include="소스 파일\Light">
      <UniqueIdentifier>{dd6e7f50-9f2e-4cc2-88ac-f2a2b8b90abe}</UniqueIdentifier>
    </Filter>
    <Filter Include="헤더 파일\Light">
      <UniqueIdentifier>{9f70e665-bb0e-43ad-8f48-ce9fc51af98f}</UniqueIdentifier>
    </Filter>
    <Filter Include="소스 파일\Shaders">
      <UniqueIdentifier>{3256e82f-f2b2-429f-ae08-f26b700b054e}</UniqueIdentifier>
    </Filter>
    <Filter Include="리소스 파일\nanosuit">
      <UniqueIdentifier>{d2cb5fb1-fd6d-4ec5-838d-ebb38b8dd79b}</UniqueIdentifier>
    </Filter>
  </ItemGroup>
  <ItemGroup>
    <ClCompile Include="Main.cpp">
      <Filter>소스 파일</Filter>
    </ClCompile>
    <ClCompile Include="Cube\CustomCube.cpp">
      <Filter>소스 파일\Cube</Filter>
    </ClCompile>
    <ClCompile Include="Cube\RotatingCube.cpp">
      <Filter>소스 파일\Cube</Filter>
    </ClCompile>
    <ClCompile Include="Cube\BaseCube.cpp">
      <Filter>소스 파일\Cube</Filter>
    </ClCompile>
    <ClCompile Include="Cube\Cube.cpp">
      <Filter>소스 파일\Cube</Filter>
    </ClCompile>
    <ClCompile Include="Light\RotatingPointLight.cpp">
      <Filter>소스 파일\Light</Filter>
    </ClCompile>
  </ItemGroup>
  <ItemGroup>
    <ClInclude Include="Cube\BaseCube.h">
      <Filter>헤더 파일\Cube</Filter>
    </ClInclude>
    <ClInclude Include="Cube\Cube.h">
      <Filter>헤더 파일\Cube</Filter>
    </ClInclude>
    <ClInclude Include="Cube\CustomCube.h">
      <Filter>헤더 파일\Cube</Filter>
    </ClInclude>
    <ClInclude Include="Cube\RotatingCube.h">
      <Filter>헤더 파일\Cube</Filter>
    </ClInclude>
    <ClInclude Include="Light\RotatingPointLight.h">
      <Filter>헤더 파일\Light</Filter>
    </ClInclude>
  </ItemGroup>
  <ItemGroup>
    <None Include="Shaders\PhongShaders.fxh">
      <Filter>소스 파일\Shaders</Filter>
    </None>
    <None Include="Shaders\Shaders.fxh">
      <Filter>소스 파일\Shaders</Filter>
    </None>
    <None Include="nanosuit\nanosuit.mtl">
      <Filter>리소스 파일\nanosuit</Filter>
    </None>
    <None Include="Shaders\VoxelShaders.fxh">
      <Filter>소스 파일\Shaders</Filter>
    </None>
  </ItemGroup>
  <ItemGroup>
    <FxCompile Include="Shaders\PS.hlsl">
      <Filter>소스 파일\Shaders</Filter>
    </FxCompile>
    <FxCompile Include="Shaders\VS.hlsl">
      <Filter>소스 파일\Shaders</Filter>
    </FxCompile>
  </ItemGroup>
  <ItemGroup>
    <Image Include="nanosuit\arm_dif.png">
      <Filter>리소스 파일\nanosuit</Filter>
    </Image>
    <Image Include="nanosuit\arm_showroom_ddn.png">
      <Filter>리소스 파일\nanosuit</Filter>
    </Image>
    <Image Include="nanosuit\arm_showroom_refl.png">
      <Filter>리소스 파일\nanosuit</Filter>
    </Image>
    <Image Include="nanosuit\arm_showroom_spec.png">
      <Filter>리소스 파일\nanosuit</Filter>
    </Image>
    <Image Include="nanosuit\back.jpg">
      <Filter>리소스 파일\nanosuit</Filter>
    </Image>
    <Image Include="nanosuit\body_dif.png">
      <Filter>리소스 파일\nanosuit</Filter>
    </Image>
    <Image Include="nanosuit\body_showroom_ddn.png">
      <Filter>리소스 파일\nanosuit</Filter>
    </Image>
    <Image Include="nanosuit\body_showroom_refl.png">
      <Filter>리소스 파일\nanosuit</Filter>
    </Image>
    <Image Include="nanosuit\body_showroom_spec.png">
      <Filter>리소스 파일\nanosuit</Filter>
    </Image>
    <Image Include="nanosuit\cell_arm_alpha.png">
      <Filter>리소스 파일\nanosuit</Filter>
    </Image>
    <Image Include="nanosuit\cell_body_alpha.png">
      <Filter>리소스 파일\nanosuit</Filter>
    </Image>
    <Image Include="nanosuit\cell_ddn.png">
      <Filter>리소스 파일\nanosuit</Filter>
    </Image>
    <Image Include="nanosuit\cell_hand_alpha.png">
      <Filter>리소스 파일\nanosuit</Filter>
    </Image>
    <Image Include="nanosuit\cell_helmet_alpha.png">
      <Filter>리소스 파일\nanosuit</Filter>
    </Image>
    <Image Include="nanosuit\cell_leg_alpha.png">
      <Filter>리소스 파일\nanosuit</Filter>
    </Image>
    <Image Include="nanosuit\front.jpg">
      <Filter>리소스 파일\nanosuit</Filter>
    </Image>
    <Image Include="nanosuit\glass_ddn.png">
      <Filter>리소스 파일\nanosuit</Filter>
    </Image>
    <Image Include="nanosuit\glass_dif.png">
      <Filter>리소스 파일\nanosuit</Filter>
    </Image>
    <Image Include="nanosuit\glass_refl.png">
      <Filter>리소스 파일\nanosuit</Filter>
    </Image>
    <Image Include="nanosuit\hand_dif.png">
      <Filter>리소스 파일\nanosuit</Filter>
    </Image>
    <Image Include="nanosuit\hand_showroom_ddn.png">
      <Filter>리소스 파일\nanosuit</Filter>
    </Image>
    <Image Include="nanosuit\hand_showroom_refl.png">
      <Filter>리소스 파일\nanosuit</Filter>
    </Image>
    <Image Include="nanosuit\hand_showroom_spec.png">
      <Filter>리소스 파일\nanosuit</Filter>
    </Image>
    <Image Include="nanosuit\helmet_diff.png">
      <Filter>리소스 파일\nanosuit</Filter>
    </Image>
    <Image Include="nanosuit\helmet_showroom_ddn.png">
      <Filter>리소스 파일\nanosuit</Filter>
    </Image>
    <Image Include="nanosuit\helmet_showroom_refl.png">
      <Filter>리소스 파일\nanosuit</Filter>
    </Image>
    <Image Include="nanosuit\helmet_showroom_spec.png">
      <Filter>리소스 파일\nanosuit</Filter>
    </Image>
    <Image Include="nanosuit\leg_dif.png">
      <Filter>리소스 파일\nanosuit</Filter>
    </Image>
    <Image Include="nanosuit\leg_showroom_ddn.png">
      <Filter>리소스 파일\nanosuit</Filter>
    </Image>
    <Image Include="nanosuit\leg_showroom_refl.png">
      <Filter>리소스 파일\nanosuit</Filter>
    </Image>
    <Image Include="nanosuit\leg_showroom_spec.png">
      <Filter>리소스 파일\nanosuit</Filter>
    </Image>
  </ItemGroup>
</Project>